
Microsoft Visual Studio Solution File, Format Version 12.00
# Visual Studio 15
VisualStudioVersion = 15.0.28010.2016
MinimumVisualStudioVersion = 10.0.40219.1
Project("{8BC9CEB8-8B4A-11D0-8D11-00A0C91BC942}") = "poc", "poc\poc.vcxproj", "{586A6D32-BE6F-4C96-91AD-916F3ED46D8A}"
EndProject
Global
	GlobalSection(SolutionConfigurationPlatforms) = preSolution
		Debug|x64 = Debug|x64
		Debug|x86 = Debug|x86
		Release|x64 = Release|x64
		Release|x86 = Release|x86
	EndGlobalSection
	GlobalSection(ProjectConfigurationPlatforms) = postSolution
		{586A6D32-BE6F-4C96-91AD-916F3ED46D8A}.Debug|x64.ActiveCfg = Debug|x64
		{586A6D32-BE6F-4C96-91AD-916F3ED46D8A}.Debug|x64.Build.0 = Debug|x64
		{586A6D32-BE6F-4C96-91AD-916F3ED46D8A}.Debug|x86.ActiveCfg = Debug|Win32
		{586A6D32-BE6F-4C96-91AD-916F3ED46D8A}.Debug|x86.Build.0 = Debug|Win32
		{586A6D32-BE6F-4C96-91AD-916F3ED46D8A}.Release|x64.ActiveCfg = Release|x64
		{586A6D32-BE6F-4C96-91AD-916F3ED46D8A}.Release|x64.Build.0 = Release|x64
		{586A6D32-BE6F-4C96-91AD-916F3ED46D8A}.Release|x86.ActiveCfg = Release|Win32
		{586A6D32-BE6F-4C96-91AD-916F3ED46D8A}.Release|x86.Build.0 = Release|Win32
	EndGlobalSection
	GlobalSection(SolutionProperties) = preSolution
		HideSolutionNode = FALSE
	EndGlobalSection
	GlobalSection(ExtensibilityGlobals) = postSolution
		SolutionGuid = {DDBDDA16-7F96-425B-9100-90EF85B3F75F}
	EndGlobalSection
EndGlobal
